
Microsoft Visual Studio Solution File, Format Version 12.00
# Visual Studio Version 17
VisualStudioVersion = 17.5.33414.496
MinimumVisualStudioVersion = 10.0.40219.1
Project("{9A19103F-16F7-4668-BE54-9A1E7A4F7556}") = "Core.Domain", "src\Core.Domain\Core.Domain.csproj", "{5C317095-EA0B-4874-B9BE-7B97330272B6}"
EndProject
Project("{9A19103F-16F7-4668-BE54-9A1E7A4F7556}") = "Infrastructure.Persistence", "src\Infrastructure.Persistence\Infrastructure.Persistence.csproj", "{147F6165-9465-4FB3-9CC8-FB1029122DF2}"
EndProject
Project("{9A19103F-16F7-4668-BE54-9A1E7A4F7556}") = "Core.Application", "src\Core.Application\Core.Application.csproj", "{F255EB58-F184-4D66-87CF-ADB84FE1ED70}"
EndProject
Project("{9A19103F-16F7-4668-BE54-9A1E7A4F7556}") = "Web.Razor", "src\Web.Razor\Web.Razor.csproj", "{E147552A-BACB-4FBA-A5AF-C0CB80DFA518}"
EndProject
Project("{9A19103F-16F7-4668-BE54-9A1E7A4F7556}") = "Infrastructure.Identity", "src\Infrastructure.Identity\Infrastructure.Identity.csproj", "{9EF5D86C-2ACB-4547-B3B3-C81C32F676B4}"
EndProject
Project("{2150E333-8FDC-42A3-9474-1A3956D46DE8}") = "src", "src", "{E74BD3FC-9DF4-4A3F-AF85-EBF1E2A56D22}"
EndProject
Project("{2150E333-8FDC-42A3-9474-1A3956D46DE8}") = "tests", "tests", "{856C0AA6-D18A-4507-807D-244B067E10A9}"
EndProject
Project("{9A19103F-16F7-4668-BE54-9A1E7A4F7556}") = "Core.Application.UnitTests", "tests\Core.Application.UnitTests\Core.Application.UnitTests.csproj", "{44CE3529-1865-45CF-B520-3588F34AAAC2}"
EndProject
Project("{9A19103F-16F7-4668-BE54-9A1E7A4F7556}") = "Infrastructure.Persistence.IntegrationTests", "tests\Infrastructure.Persistence.IntegrationTests\Infrastructure.Persistence.IntegrationTests.csproj", "{4BE95815-8DEC-4C7C-A334-F7AF77B01460}"
EndProject
Project("{9A19103F-16F7-4668-BE54-9A1E7A4F7556}") = "Infrastructure.Shared", "src\Infrastructure.Shared\Infrastructure.Shared.csproj", "{767B03F8-130E-4774-8C3A-07A2D1272665}"
EndProject
Project("{2150E333-8FDC-42A3-9474-1A3956D46DE8}") = "Solution Items", "Solution Items", "{EDFF7F32-36EF-452F-9B12-1BA598DFF239}"
	ProjectSection(SolutionItems) = preProject
		.gitignore = .gitignore
		README.md = README.md
	EndProjectSection
EndProject
Project("{FAE04EC0-301F-11D3-BF4B-00C04F79EFBC}") = "Web.Api", "src\Web.Api\Web.Api.csproj", "{E6B7F998-F565-4D05-B13E-99E4727C45DE}"
EndProject
Global
	GlobalSection(SolutionConfigurationPlatforms) = preSolution
		Debug|Any CPU = Debug|Any CPU
		Release|Any CPU = Release|Any CPU
	EndGlobalSection
	GlobalSection(ProjectConfigurationPlatforms) = postSolution
		{5C317095-EA0B-4874-B9BE-7B97330272B6}.Debug|Any CPU.ActiveCfg = Debug|Any CPU
		{5C317095-EA0B-4874-B9BE-7B97330272B6}.Debug|Any CPU.Build.0 = Debug|Any CPU
		{5C317095-EA0B-4874-B9BE-7B97330272B6}.Release|Any CPU.ActiveCfg = Release|Any CPU
		{5C317095-EA0B-4874-B9BE-7B97330272B6}.Release|Any CPU.Build.0 = Release|Any CPU
		{147F6165-9465-4FB3-9CC8-FB1029122DF2}.Debug|Any CPU.ActiveCfg = Debug|Any CPU
		{147F6165-9465-4FB3-9CC8-FB1029122DF2}.Debug|Any CPU.Build.0 = Debug|Any CPU
		{147F6165-9465-4FB3-9CC8-FB1029122DF2}.Release|Any CPU.ActiveCfg = Release|Any CPU
		{147F6165-9465-4FB3-9CC8-FB1029122DF2}.Release|Any CPU.Build.0 = Release|Any CPU
		{F255EB58-F184-4D66-87CF-ADB84FE1ED70}.Debug|Any CPU.ActiveCfg = Debug|Any CPU
		{F255EB58-F184-4D66-87CF-ADB84FE1ED70}.Debug|Any CPU.Build.0 = Debug|Any CPU
		{F255EB58-F184-4D66-87CF-ADB84FE1ED70}.Release|Any CPU.ActiveCfg = Release|Any CPU
		{F255EB58-F184-4D66-87CF-ADB84FE1ED70}.Release|Any CPU.Build.0 = Release|Any CPU
		{E147552A-BACB-4FBA-A5AF-C0CB80DFA518}.Debug|Any CPU.ActiveCfg = Debug|Any CPU
		{E147552A-BACB-4FBA-A5AF-C0CB80DFA518}.Debug|Any CPU.Build.0 = Debug|Any CPU
		{E147552A-BACB-4FBA-A5AF-C0CB80DFA518}.Release|Any CPU.ActiveCfg = Release|Any CPU
		{E147552A-BACB-4FBA-A5AF-C0CB80DFA518}.Release|Any CPU.Build.0 = Release|Any CPU
		{9EF5D86C-2ACB-4547-B3B3-C81C32F676B4}.Debug|Any CPU.ActiveCfg = Debug|Any CPU
		{9EF5D86C-2ACB-4547-B3B3-C81C32F676B4}.Debug|Any CPU.Build.0 = Debug|Any CPU
		{9EF5D86C-2ACB-4547-B3B3-C81C32F676B4}.Release|Any CPU.ActiveCfg = Release|Any CPU
		{9EF5D86C-2ACB-4547-B3B3-C81C32F676B4}.Release|Any CPU.Build.0 = Release|Any CPU
		{44CE3529-1865-45CF-B520-3588F34AAAC2}.Debug|Any CPU.ActiveCfg = Debug|Any CPU
		{44CE3529-1865-45CF-B520-3588F34AAAC2}.Debug|Any CPU.Build.0 = Debug|Any CPU
		{44CE3529-1865-45CF-B520-3588F34AAAC2}.Release|Any CPU.ActiveCfg = Release|Any CPU
		{44CE3529-1865-45CF-B520-3588F34AAAC2}.Release|Any CPU.Build.0 = Release|Any CPU
		{4BE95815-8DEC-4C7C-A334-F7AF77B01460}.Debug|Any CPU.ActiveCfg = Debug|Any CPU
		{4BE95815-8DEC-4C7C-A334-F7AF77B01460}.Debug|Any CPU.Build.0 = Debug|Any CPU
		{4BE95815-8DEC-4C7C-A334-F7AF77B01460}.Release|Any CPU.ActiveCfg = Release|Any CPU
		{4BE95815-8DEC-4C7C-A334-F7AF77B01460}.Release|Any CPU.Build.0 = Release|Any CPU
		{767B03F8-130E-4774-8C3A-07A2D1272665}.Debug|Any CPU.ActiveCfg = Debug|Any CPU
		{767B03F8-130E-4774-8C3A-07A2D1272665}.Debug|Any CPU.Build.0 = Debug|Any CPU
		{767B03F8-130E-4774-8C3A-07A2D1272665}.Release|Any CPU.ActiveCfg = Release|Any CPU
		{767B03F8-130E-4774-8C3A-07A2D1272665}.Release|Any CPU.Build.0 = Release|Any CPU
		{E6B7F998-F565-4D05-B13E-99E4727C45DE}.Debug|Any CPU.ActiveCfg = Debug|Any CPU
		{E6B7F998-F565-4D05-B13E-99E4727C45DE}.Debug|Any CPU.Build.0 = Debug|Any CPU
		{E6B7F998-F565-4D05-B13E-99E4727C45DE}.Release|Any CPU.ActiveCfg = Release|Any CPU
		{E6B7F998-F565-4D05-B13E-99E4727C45DE}.Release|Any CPU.Build.0 = Release|Any CPU
	EndGlobalSection
	GlobalSection(SolutionProperties) = preSolution
		HideSolutionNode = FALSE
	EndGlobalSection
	GlobalSection(NestedProjects) = preSolution
		{5C317095-EA0B-4874-B9BE-7B97330272B6} = {E74BD3FC-9DF4-4A3F-AF85-EBF1E2A56D22}
		{147F6165-9465-4FB3-9CC8-FB1029122DF2} = {E74BD3FC-9DF4-4A3F-AF85-EBF1E2A56D22}
		{F255EB58-F184-4D66-87CF-ADB84FE1ED70} = {E74BD3FC-9DF4-4A3F-AF85-EBF1E2A56D22}
		{E147552A-BACB-4FBA-A5AF-C0CB80DFA518} = {E74BD3FC-9DF4-4A3F-AF85-EBF1E2A56D22}
		{9EF5D86C-2ACB-4547-B3B3-C81C32F676B4} = {E74BD3FC-9DF4-4A3F-AF85-EBF1E2A56D22}
		{44CE3529-1865-45CF-B520-3588F34AAAC2} = {856C0AA6-D18A-4507-807D-244B067E10A9}
		{4BE95815-8DEC-4C7C-A334-F7AF77B01460} = {856C0AA6-D18A-4507-807D-244B067E10A9}
		{767B03F8-130E-4774-8C3A-07A2D1272665} = {E74BD3FC-9DF4-4A3F-AF85-EBF1E2A56D22}
		{E6B7F998-F565-4D05-B13E-99E4727C45DE} = {E74BD3FC-9DF4-4A3F-AF85-EBF1E2A56D22}
	EndGlobalSection
	GlobalSection(ExtensibilityGlobals) = postSolution
		SolutionGuid = {72C21E00-7F24-463D-A43B-4F72E4A72BFC}
	EndGlobalSection
EndGlobal
